// !$*UTF8*$!
{
	archiveVersion = 1;
	classes = {
	};
	objectVersion = 50;
	objects = {

/* Begin PBXBuildFile section */
		B857161B262DFE2C00228788 /* ProductDetaileView.swift in Sources */ = {isa = PBXBuildFile; fileRef = B857161A262DFE2C00228788 /* ProductDetaileView.swift */; };
		B857161F262E07C900228788 /* ShoesSize.swift in Sources */ = {isa = PBXBuildFile; fileRef = B857161E262E07C800228788 /* ShoesSize.swift */; };
		B8D73DAF262CAF3300D09F53 /* NIkeShoeApp.swift in Sources */ = {isa = PBXBuildFile; fileRef = B8D73DAE262CAF3300D09F53 /* NIkeShoeApp.swift */; };
		B8D73DB1262CAF3300D09F53 /* ContentView.swift in Sources */ = {isa = PBXBuildFile; fileRef = B8D73DB0262CAF3300D09F53 /* ContentView.swift */; };
		B8D73DB3262CAF3400D09F53 /* Assets.xcassets in Resources */ = {isa = PBXBuildFile; fileRef = B8D73DB2262CAF3400D09F53 /* Assets.xcassets */; };
		B8D73DB6262CAF3400D09F53 /* Preview Assets.xcassets in Resources */ = {isa = PBXBuildFile; fileRef = B8D73DB5262CAF3400D09F53 /* Preview Assets.xcassets */; };
		B8D73DC4262CB88B00D09F53 /* ProductView.swift in Sources */ = {isa = PBXBuildFile; fileRef = B8D73DC3262CB88B00D09F53 /* ProductView.swift */; };
		B8D73DC8262CBEEF00D09F53 /* HeaderView.swift in Sources */ = {isa = PBXBuildFile; fileRef = B8D73DC7262CBEEF00D09F53 /* HeaderView.swift */; };
		B8D73DCB262CBEF900D09F53 /* SearchView.swift in Sources */ = {isa = PBXBuildFile; fileRef = B8D73DCA262CBEF900D09F53 /* SearchView.swift */; };
/* End PBXBuildFile section */

/* Begin PBXFileReference section */
		B857161A262DFE2C00228788 /* ProductDetaileView.swift */ = {isa = PBXFileReference; lastKnownFileType = sourcecode.swift; path = ProductDetaileView.swift; sourceTree = "<group>"; };
		B857161E262E07C800228788 /* ShoesSize.swift */ = {isa = PBXFileReference; fileEncoding = 4; lastKnownFileType = sourcecode.swift; path = ShoesSize.swift; sourceTree = "<group>"; };
		B8D73DAB262CAF3300D09F53 /* NIkeShoe.app */ = {isa = PBXFileReference; explicitFileType = wrapper.application; includeInIndex = 0; path = NIkeShoe.app; sourceTree = BUILT_PRODUCTS_DIR; };
		B8D73DAE262CAF3300D09F53 /* NIkeShoeApp.swift */ = {isa = PBXFileReference; lastKnownFileType = sourcecode.swift; path = NIkeShoeApp.swift; sourceTree = "<group>"; };
		B8D73DB0262CAF3300D09F53 /* ContentView.swift */ = {isa = PBXFileReference; lastKnownFileType = sourcecode.swift; path = ContentView.swift; sourceTree = "<group>"; };
		B8D73DB2262CAF3400D09F53 /* Assets.xcassets */ = {isa = PBXFileReference; lastKnownFileType = folder.assetcatalog; path = Assets.xcassets; sourceTree = "<group>"; };
		B8D73DB5262CAF3400D09F53 /* Preview Assets.xcassets */ = {isa = PBXFileReference; lastKnownFileType = folder.assetcatalog; path = "Preview Assets.xcassets"; sourceTree = "<group>"; };
		B8D73DB7262CAF3400D09F53 /* Info.plist */ = {isa = PBXFileReference; lastKnownFileType = text.plist.xml; path = Info.plist; sourceTree = "<group>"; };
		B8D73DC3262CB88B00D09F53 /* ProductView.swift */ = {isa = PBXFileReference; lastKnownFileType = sourcecode.swift; path = ProductView.swift; sourceTree = "<group>"; };
		B8D73DC7262CBEEF00D09F53 /* HeaderView.swift */ = {isa = PBXFileReference; fileEncoding = 4; lastKnownFileType = sourcecode.swift; path = HeaderView.swift; sourceTree = "<group>"; };
		B8D73DCA262CBEF900D09F53 /* SearchView.swift */ = {isa = PBXFileReference; fileEncoding = 4; lastKnownFileType = sourcecode.swift; path = SearchView.swift; sourceTree = "<group>"; };
/* End PBXFileReference section */

/* Begin PBXFrameworksBuildPhase section */
		B8D73DA8262CAF3300D09F53 /* Frameworks */ = {
			isa = PBXFrameworksBuildPhase;
			buildActionMask = 2147483647;
			files = (
			);
			runOnlyForDeploymentPostprocessing = 0;
		};
/* End PBXFrameworksBuildPhase section */

/* Begin PBXGroup section */
		B8D73DA2262CAF3300D09F53 = {
			isa = PBXGroup;
			children = (
				B8D73DAD262CAF3300D09F53 /* NIkeShoe */,
				B8D73DAC262CAF3300D09F53 /* Products */,
			);
			sourceTree = "<group>";
		};
		B8D73DAC262CAF3300D09F53 /* Products */ = {
			isa = PBXGroup;
			children = (
				B8D73DAB262CAF3300D09F53 /* NIkeShoe.app */,
			);
			name = Products;
			sourceTree = "<group>";
		};
		B8D73DAD262CAF3300D09F53 /* NIkeShoe */ = {
			isa = PBXGroup;
			children = (
				B857161E262E07C800228788 /* ShoesSize.swift */,
				B8D73DCA262CBEF900D09F53 /* SearchView.swift */,
				B8D73DC7262CBEEF00D09F53 /* HeaderView.swift */,
				B8D73DAE262CAF3300D09F53 /* NIkeShoeApp.swift */,
				B8D73DC3262CB88B00D09F53 /* ProductView.swift */,
				B857161A262DFE2C00228788 /* ProductDetaileView.swift */,
				B8D73DB0262CAF3300D09F53 /* ContentView.swift */,
				B8D73DB2262CAF3400D09F53 /* Assets.xcassets */,
				B8D73DB7262CAF3400D09F53 /* Info.plist */,
				B8D73DB4262CAF3400D09F53 /* Preview Content */,
			);
			path = NIkeShoe;
			sourceTree = "<group>";
		};
		B8D73DB4262CAF3400D09F53 /* Preview Content */ = {
			isa = PBXGroup;
			children = (
				B8D73DB5262CAF3400D09F53 /* Preview Assets.xcassets */,
			);
			path = "Preview Content";
			sourceTree = "<group>";
		};
/* End PBXGroup section */

/* Begin PBXNativeTarget section */
		B8D73DAA262CAF3300D09F53 /* NIkeShoe */ = {
			isa = PBXNativeTarget;
			buildConfigurationList = B8D73DBA262CAF3400D09F53 /* Build configuration list for PBXNativeTarget "NIkeShoe" */;
			buildPhases = (
				B8D73DA7262CAF3300D09F53 /* Sources */,
				B8D73DA8262CAF3300D09F53 /* Frameworks */,
				B8D73DA9262CAF3300D09F53 /* Resources */,
			);
			buildRules = (
			);
			dependencies = (
			);
			name = NIkeShoe;
			productName = NIkeShoe;
			productReference = B8D73DAB262CAF3300D09F53 /* NIkeShoe.app */;
			productType = "com.apple.product-type.application";
		};
/* End PBXNativeTarget section */

/* Begin PBXProject section */
		B8D73DA3262CAF3300D09F53 /* Project object */ = {
			isa = PBXProject;
			attributes = {
				LastSwiftUpdateCheck = 1230;
				LastUpgradeCheck = 1230;
				TargetAttributes = {
					B8D73DAA262CAF3300D09F53 = {
						CreatedOnToolsVersion = 12.3;
					};
				};
			};
			buildConfigurationList = B8D73DA6262CAF3300D09F53 /* Build configuration list for PBXProject "NIkeShoe" */;
			compatibilityVersion = "Xcode 9.3";
			developmentRegion = en;
			hasScannedForEncodings = 0;
			knownRegions = (
				en,
				Base,
			);
			mainGroup = B8D73DA2262CAF3300D09F53;
			productRefGroup = B8D73DAC262CAF3300D09F53 /* Products */;
			projectDirPath = "";
			projectRoot = "";
			targets = (
				B8D73DAA262CAF3300D09F53 /* NIkeShoe */,
			);
		};
/* End PBXProject section */

/* Begin PBXResourcesBuildPhase section */
		B8D73DA9262CAF3300D09F53 /* Resources */ = {
			isa = PBXResourcesBuildPhase;
			buildActionMask = 2147483647;
			files = (
				B8D73DB6262CAF3400D09F53 /* Preview Assets.xcassets in Resources */,
				B8D73DB3262CAF3400D09F53 /* Assets.xcassets in Resources */,
			);
			runOnlyForDeploymentPostprocessing = 0;
		};
/* End PBXResourcesBuildPhase section */

/* Begin PBXSourcesBuildPhase section */
		B8D73DA7262CAF3300D09F53 /* Sources */ = {
			isa = PBXSourcesBuildPhase;
			buildActionMask = 2147483647;
			files = (
				B8D73DC8262CBEEF00D09F53 /* HeaderView.swift in Sources */,
				B857161F262E07C900228788 /* ShoesSize.swift in Sources */,
				B8D73DC4262CB88B00D09F53 /* ProductView.swift in Sources */,
				B8D73DB1262CAF3300D09F53 /* ContentView.swift in Sources */,
				B8D73DCB262CBEF900D09F53 /* SearchView.swift in Sources */,
				B8D73DAF262CAF3300D09F53 /* NIkeShoeApp.swift in Sources */,
				B857161B262DFE2C00228788 /* ProductDetaileView.swift in Sources */,
			);
			runOnlyForDeploymentPostprocessing = 0;
		};
/* End PBXSourcesBuildPhase section */

/* Begin XCBuildConfiguration section */
		B8D73DB8262CAF3400D09F53 /* Debug */ = {
			isa = XCBuildConfiguration;
			buildSettings = {
				ALWAYS_SEARCH_USER_PATHS = NO;
				CLANG_ANALYZER_NONNULL = YES;
				CLANG_ANALYZER_NUMBER_OBJECT_CONVERSION = YES_AGGRESSIVE;
				CLANG_CXX_LANGUAGE_STANDARD = "gnu++14";
				CLANG_CXX_LIBRARY = "libc++";
				CLANG_ENABLE_MODULES = YES;
				CLANG_ENABLE_OBJC_ARC = YES;
				CLANG_ENABLE_OBJC_WEAK = YES;
				CLANG_WARN_BLOCK_CAPTURE_AUTORELEASING = YES;
				CLANG_WARN_BOOL_CONVERSION = YES;
				CLANG_WARN_COMMA = YES;
				CLANG_WARN_CONSTANT_CONVERSION = YES;
				CLANG_WARN_DEPRECATED_OBJC_IMPLEMENTATIONS = YES;
				CLANG_WARN_DIRECT_OBJC_ISA_USAGE = YES_ERROR;
				CLANG_WARN_DOCUMENTATION_COMMENTS = YES;
				CLANG_WARN_EMPTY_BODY = YES;
				CLANG_WARN_ENUM_CONVERSION = YES;
				CLANG_WARN_INFINITE_RECURSION = YES;
				CLANG_WARN_INT_CONVERSION = YES;
				CLANG_WARN_NON_LITERAL_NULL_CONVERSION = YES;
				CLANG_WARN_OBJC_IMPLICIT_RETAIN_SELF = YES;
				CLANG_WARN_OBJC_LITERAL_CONVERSION = YES;
				CLANG_WARN_OBJC_ROOT_CLASS = YES_ERROR;
				CLANG_WARN_QUOTED_INCLUDE_IN_FRAMEWORK_HEADER = YES;
				CLANG_WARN_RANGE_LOOP_ANALYSIS = YES;
				CLANG_WARN_STRICT_PROTOTYPES = YES;
				CLANG_WARN_SUSPICIOUS_MOVE = YES;
				CLANG_WARN_UNGUARDED_AVAILABILITY = YES_AGGRESSIVE;
				CLANG_WARN_UNREACHABLE_CODE = YES;
				CLANG_WARN__DUPLICATE_METHOD_MATCH = YES;
				COPY_PHASE_STRIP = NO;
				DEBUG_INFORMATION_FORMAT = dwarf;
				ENABLE_STRICT_OBJC_MSGSEND = YES;
				ENABLE_TESTABILITY = YES;
				GCC_C_LANGUAGE_STANDARD = gnu11;
				GCC_DYNAMIC_NO_PIC = NO;
				GCC_NO_COMMON_BLOCKS = YES;
				GCC_OPTIMIZATION_LEVEL = 0;
				GCC_PREPROCESSOR_DEFINITIONS = (
					"DEBUG=1",
					"$(inherited)",
				);
				GCC_WARN_64_TO_32_BIT_CONVERSION = YES;
				GCC_WARN_ABOUT_RETURN_TYPE = YES_ERROR;
				GCC_WARN_UNDECLARED_SELECTOR = YES;
				GCC_WARN_UNINITIALIZED_AUTOS = YES_AGGRESSIVE;
				GCC_WARN_UNUSED_FUNCTION = YES;
				GCC_WARN_UNUSED_VARIABLE = YES;
				IPHONEOS_DEPLOYMENT_TARGET = 14.3;
				MTL_ENABLE_DEBUG_INFO = INCLUDE_SOURCE;
				MTL_FAST_MATH = YES;
				ONLY_ACTIVE_ARCH = YES;
				SDKROOT = iphoneos;
				SWIFT_ACTIVE_COMPILATION_CONDITIONS = DEBUG;
				SWIFT_OPTIMIZATION_LEVEL = "-Onone";
			};
			name = Debug;
		};
		B8D73DB9262CAF3400D09F53 /* Release */ = {
			isa = XCBuildConfiguration;
			buildSettings = {
				ALWAYS_SEARCH_USER_PATHS = NO;
				CLANG_ANALYZER_NONNULL = YES;
				CLANG_ANALYZER_NUMBER_OBJECT_CONVERSION = YES_AGGRESSIVE;
				CLANG_CXX_LANGUAGE_STANDARD = "gnu++14";
				CLANG_CXX_LIBRARY = "libc++";
				CLANG_ENABLE_MODULES = YES;
				CLANG_ENABLE_OBJC_ARC = YES;
				CLANG_ENABLE_OBJC_WEAK = YES;
				CLANG_WARN_BLOCK_CAPTURE_AUTORELEASING = YES;
				CLANG_WARN_BOOL_CONVERSION = YES;
				CLANG_WARN_COMMA = YES;
				CLANG_WARN_CONSTANT_CONVERSION = YES;
				CLANG_WARN_DEPRECATED_OBJC_IMPLEMENTATIONS = YES;
				CLANG_WARN_DIRECT_OBJC_ISA_USAGE = YES_ERROR;
				CLANG_WARN_DOCUMENTATION_COMMENTS = YES;
				CLANG_WARN_EMPTY_BODY = YES;
				CLANG_WARN_ENUM_CONVERSION = YES;
				CLANG_WARN_INFINITE_RECURSION = YES;
				CLANG_WARN_INT_CONVERSION = YES;
				CLANG_WARN_NON_LITERAL_NULL_CONVERSION = YES;
				CLANG_WARN_OBJC_IMPLICIT_RETAIN_SELF = YES;
				CLANG_WARN_OBJC_LITERAL_CONVERSION = YES;
				CLANG_WARN_OBJC_ROOT_CLASS = YES_ERROR;
				CLANG_WARN_QUOTED_INCLUDE_IN_FRAMEWORK_HEADER = YES;
				CLANG_WARN_RANGE_LOOP_ANALYSIS = YES;
				CLANG_WARN_STRICT_PROTOTYPES = YES;
				CLANG_WARN_SUSPICIOUS_MOVE = YES;
				CLANG_WARN_UNGUARDED_AVAILABILITY = YES_AGGRESSIVE;
				CLANG_WARN_UNREACHABLE_CODE = YES;
				CLANG_WARN__DUPLICATE_METHOD_MATCH = YES;
				COPY_PHASE_STRIP = NO;
				DEBUG_INFORMATION_FORMAT = "dwarf-with-dsym";
				ENABLE_NS_ASSERTIONS = NO;
				ENABLE_STRICT_OBJC_MSGSEND = YES;
				GCC_C_LANGUAGE_STANDARD = gnu11;
				GCC_NO_COMMON_BLOCKS = YES;
				GCC_WARN_64_TO_32_BIT_CONVERSION = YES;
				GCC_WARN_ABOUT_RETURN_TYPE = YES_ERROR;
				GCC_WARN_UNDECLARED_SELECTOR = YES;
				GCC_WARN_UNINITIALIZED_AUTOS = YES_AGGRESSIVE;
				GCC_WARN_UNUSED_FUNCTION = YES;
				GCC_WARN_UNUSED_VARIABLE = YES;
				IPHONEOS_DEPLOYMENT_TARGET = 14.3;
				MTL_ENABLE_DEBUG_INFO = NO;
				MTL_FAST_MATH = YES;
				SDKROOT = iphoneos;
				SWIFT_COMPILATION_MODE = wholemodule;
				SWIFT_OPTIMIZATION_LEVEL = "-O";
				VALIDATE_PRODUCT = YES;
			};
			name = Release;
		};
		B8D73DBB262CAF3400D09F53 /* Debug */ = {
			isa = XCBuildConfiguration;
			buildSettings = {
				ASSETCATALOG_COMPILER_APPICON_NAME = AppIcon;
				ASSETCATALOG_COMPILER_GLOBAL_ACCENT_COLOR_NAME = AccentColor;
				CODE_SIGN_STYLE = Automatic;
				DEVELOPMENT_ASSET_PATHS = "\"NIkeShoe/Preview Content\"";
				DEVELOPMENT_TEAM = KP3D2WZ4Y5;
				ENABLE_PREVIEWS = YES;
				INFOPLIST_FILE = NIkeShoe/Info.plist;
				IPHONEOS_DEPLOYMENT_TARGET = 14.0;
				LD_RUNPATH_SEARCH_PATHS = (
					"$(inherited)",
					"@executable_path/Frameworks",
				);
				PRODUCT_BUNDLE_IDENTIFIER = com.NIkeShoe;
				PRODUCT_NAME = "$(TARGET_NAME)";
				SWIFT_VERSION = 5.0;
				TARGETED_DEVICE_FAMILY = "1,2";
			};
			name = Debug;
		};
		B8D73DBC262CAF3400D09F53 /* Release */ = {
			isa = XCBuildConfiguration;
			buildSettings = {
				ASSETCATALOG_COMPILER_APPICON_NAME = AppIcon;
				ASSETCATALOG_COMPILER_GLOBAL_ACCENT_COLOR_NAME = AccentColor;
				CODE_SIGN_STYLE = Automatic;
				DEVELOPMENT_ASSET_PATHS = "\"NIkeShoe/Preview Content\"";
				DEVELOPMENT_TEAM = KP3D2WZ4Y5;
				ENABLE_PREVIEWS = YES;
				INFOPLIST_FILE = NIkeShoe/Info.plist;
				IPHONEOS_DEPLOYMENT_TARGET = 14.0;
				LD_RUNPATH_SEARCH_PATHS = (
					"$(inherited)",
					"@executable_path/Frameworks",
				);
				PRODUCT_BUNDLE_IDENTIFIER = com.NIkeShoe;
				PRODUCT_NAME = "$(TARGET_NAME)";
				SWIFT_VERSION = 5.0;
				TARGETED_DEVICE_FAMILY = "1,2";
			};
			name = Release;
		};
/* End XCBuildConfiguration section */

/* Begin XCConfigurationList section */
		B8D73DA6262CAF3300D09F53 /* Build configuration list for PBXProject "NIkeShoe" */ = {
			isa = XCConfigurationList;
			buildConfigurations = (
				B8D73DB8262CAF3400D09F53 /* Debug */,
				B8D73DB9262CAF3400D09F53 /* Release */,
			);
			defaultConfigurationIsVisible = 0;
			defaultConfigurationName = Release;
		};
		B8D73DBA262CAF3400D09F53 /* Build configuration list for PBXNativeTarget "NIkeShoe" */ = {
			isa = XCConfigurationList;
			buildConfigurations = (
				B8D73DBB262CAF3400D09F53 /* Debug */,
				B8D73DBC262CAF3400D09F53 /* Release */,
			);
			defaultConfigurationIsVisible = 0;
			defaultConfigurationName = Release;
		};
/* End XCConfigurationList section */
	};
	rootObject = B8D73DA3262CAF3300D09F53 /* Project object */;
}
